
Microsoft Visual Studio Solution File, Format Version 12.00
# Visual Studio 15
VisualStudioVersion = 15.0.27703.1
MinimumVisualStudioVersion = 10.0.40219.1
Project("{FAE04EC0-301F-11D3-BF4B-00C04F79EFBC}") = "lnrpc", "lnrpc\lnrpc.csproj", "{778BC57E-50E8-48D9-86E8-CFDEB25631B9}"
EndProject
Global
	GlobalSection(SolutionConfigurationPlatforms) = preSolution
		Debug|Any CPU = Debug|Any CPU
		Release|Any CPU = Release|Any CPU
	EndGlobalSection
	GlobalSection(ProjectConfigurationPlatforms) = postSolution
		{778BC57E-50E8-48D9-86E8-CFDEB25631B9}.Debug|Any CPU.ActiveCfg = Debug|Any CPU
		{778BC57E-50E8-48D9-86E8-CFDEB25631B9}.Debug|Any CPU.Build.0 = Debug|Any CPU
		{778BC57E-50E8-48D9-86E8-CFDEB25631B9}.Release|Any CPU.ActiveCfg = Release|Any CPU
		{778BC57E-50E8-48D9-86E8-CFDEB25631B9}.Release|Any CPU.Build.0 = Release|Any CPU
	EndGlobalSection
	GlobalSection(SolutionProperties) = preSolution
		HideSolutionNode = FALSE
	EndGlobalSection
	GlobalSection(ExtensibilityGlobals) = postSolution
		SolutionGuid = {4422D1E2-DC0E-436A-A3C1-F55FB8786A7E}
	EndGlobalSection
EndGlobal
